{
    "symfony/cache-contracts": {
        "version": "v1.1.1"
    },
    "symfony/event-dispatcher-contracts": {
        "version": "v1.1.1"
    },
    "symfony/mime": {
        "version": "v4.3.0-rc1"
    },
    "symfony/polyfill-php73": {
        "version": "v1.11.0"
    },
    "symfony/service-contracts": {
        "version": "v1.1.2"
    },
    "symfony/translation-contracts": {
        "version": "v1.1.2"
    }
}
