{
    "easycorp/easyadmin-bundle": {
        "version": "1.17",
        "recipe": {
            "repo": "github.com/symfony/recipes",
            "branch": "master",
            "version": "1.17",
            "ref": "66070ea553247b0cd5275e21d0fe5399a25f40be"
        }
    },
    "swiftmailer/swiftmailer": {
        "version": "v6.1.3"
    },
    "symfony/contracts": {
        "version": "v1.0.2"
    },
    "symfony/var-exporter": {
        "version": "v4.2.1"
    },
    "symplify/autodiscovery": {
        "version": "5.3-dev"
    },
    "symplify/flex-loader": {
        "version": "5.3-dev"
    }
}
