{
    "gedmo/doctrine-extensions": {
        "version": "v2.4.36"
    },
    "stof/doctrine-extensions-bundle": {
        "version": "1.2",
        "recipe": {
            "repo": "github.com/symfony/recipes-contrib",
            "branch": "master",
            "version": "1.2",
            "ref": "6c1ceb662f8997085f739cd089bfbef67f245983"
        }
    },
    "swiftmailer/swiftmailer": {
        "version": "v6.1.3"
    }
}
